{
  "version": 4,
  "terraform_version": "1.2.2",
  "serial": 13,
  "lineage": "172f5244-024b-fed3-6102-c01c9c676ef5",
  "outputs": {
    "kube_endpoint": {
      "value": "https://d99cda29-ee39-46c7-8518-6edbf4710689.k8s.ondigitalocean.com",
      "type": "string"
    }
  },
  "resources": [
    {
      "mode": "managed",
      "type": "digitalocean_kubernetes_cluster",
      "name": "k8s_iniciativa",
      "provider": "provider[\"registry.terraform.io/digitalocean/digitalocean\"]",
      "instances": [
        {
          "schema_version": 3,
          "attributes": {
            "auto_upgrade": false,
            "cluster_subnet": "10.244.0.0/16",
            "created_at": "2022-06-11 20:49:57 +0000 UTC",
            "endpoint": "https://d99cda29-ee39-46c7-8518-6edbf4710689.k8s.ondigitalocean.com",
            "ha": false,
            "id": "d99cda29-ee39-46c7-8518-6edbf4710689",
            "ipv4_address": "137.184.218.139",
            "kube_config": [
              {
                "client_certificate": "",
                "client_key": "",
                "cluster_ca_certificate": "LS0tLS1CRUdJTiBDRVJUSUZJQ0FURS0tLS0tCk1JSURKekNDQWcrZ0F3SUJBZ0lDQm5Vd0RRWUpLb1pJaHZjTkFRRUxCUUF3TXpFVk1CTUdBMVVFQ2hNTVJHbG4KYVhSaGJFOWpaV0Z1TVJvd0dBWURWUVFERXhGck9ITmhZWE1nUTJ4MWMzUmxjaUJEUVRBZUZ3MHlNakEyTVRFeQpNRFE1TlRoYUZ3MDBNakEyTVRFeU1EUTVOVGhhTURNeEZUQVRCZ05WQkFvVERFUnBaMmwwWVd4UFkyVmhiakVhCk1CZ0dBMVVFQXhNUmF6aHpZV0Z6SUVOc2RYTjBaWElnUTBFd2dnRWlNQTBHQ1NxR1NJYjNEUUVCQVFVQUE0SUIKRHdBd2dnRUtBb0lCQVFERXMxVjViNVFleUVia0RrQlNiS2dCdG85SmE4ZEtKeEJieGUrcU11eEs3YzJZbVdTcgp5UEdxY2pnWGRTS0F0c21yeVFFTStVT2h0aWFuWk1PZjJGUGxIYnBZNlV4UzhDTjkzTnJwUFVQR2hyVmpRYzZUCk9YSUMzSkVxS3ZNckNxZkFiQmViN3VpWCtCS0FtLzRDZTU0bUtqSWwvb2dGZHJDcWsySlBveVpsVUxLaVBsNksKZWJibTArSzJJSDVDT1pXMEVhRXBLNGFTYkxVQ0UrR1FlVTdTOE56T1FpVldUdjhTNDFpTmFta2MrWlBtNWpHUQpDenJSQW9VV0x4Yk0wK1FDcWY2UWJsM1J0RE0vYVp6VWc5bkFxN1UrdkorUjVrVUxuSnFERUxQU0ZjbndNdk8rCktGZDBzeDdNN1VhRHhkZmdUM3cxYWRzQmZnOVZINnNqUkxvTkFnTUJBQUdqUlRCRE1BNEdBMVVkRHdFQi93UUUKQXdJQmhqQVNCZ05WSFJNQkFmOEVDREFHQVFIL0FnRUFNQjBHQTFVZERnUVdCQlJOZEwrMmljYVlwMGlERHNxdwpmK0pGbEJRU0JUQU5CZ2txaGtpRzl3MEJBUXNGQUFPQ0FRRUFGSVRFTGFKMDN2bXhRSEVJSEhoYzVBM0pma1lYClNHRWJEcGZWTnFWZmNpTkdZd3E3UDJrYjJrakxWRzZmTnhDVHNIZnFZTXZZdE5GbmlqU3Y3WWNxU0tsdkwzTlkKa2FndFFWK2JJU1Fyak5XeGZHMUh4WTRFeHRlS0VlMk5zV29XZjRRYUJGemsxWjZpL0xGMkd0cmdpVXUxVSswMwpIS0NhUEZNV3BUU1Ezd2d4aFlvM3VzUlEzQkh3Tm53SzRaWmRDQ0VFb1pRa2p0a3BaTFZZbGNyYnFWU2JYUzh6Ckh2dkZ6bVN4K1hDR0E2cDVlVTVwMmNYQy83Qnd4V0x5dklmYU9ucG1MdjdHL0Zma0xzajBSK3hMMFRMNUtWeG0KM1BRQS9ZOU44WlRXYzN6UU8waDF2R0s4SVlmWE4zeUh3T3FsalhtUTBvZzdnaGc1UEFnSnFLaVVOZz09Ci0tLS0tRU5EIENFUlRJRklDQVRFLS0tLS0K",
                "expires_at": "2022-06-18T20:57:28Z",
                "host": "https://d99cda29-ee39-46c7-8518-6edbf4710689.k8s.ondigitalocean.com",
                "raw_config": "apiVersion: v1\nkind: Config\nclusters:\n- cluster:\n    certificate-authority-data: LS0tLS1CRUdJTiBDRVJUSUZJQ0FURS0tLS0tCk1JSURKekNDQWcrZ0F3SUJBZ0lDQm5Vd0RRWUpLb1pJaHZjTkFRRUxCUUF3TXpFVk1CTUdBMVVFQ2hNTVJHbG4KYVhSaGJFOWpaV0Z1TVJvd0dBWURWUVFERXhGck9ITmhZWE1nUTJ4MWMzUmxjaUJEUVRBZUZ3MHlNakEyTVRFeQpNRFE1TlRoYUZ3MDBNakEyTVRFeU1EUTVOVGhhTURNeEZUQVRCZ05WQkFvVERFUnBaMmwwWVd4UFkyVmhiakVhCk1CZ0dBMVVFQXhNUmF6aHpZV0Z6SUVOc2RYTjBaWElnUTBFd2dnRWlNQTBHQ1NxR1NJYjNEUUVCQVFVQUE0SUIKRHdBd2dnRUtBb0lCQVFERXMxVjViNVFleUVia0RrQlNiS2dCdG85SmE4ZEtKeEJieGUrcU11eEs3YzJZbVdTcgp5UEdxY2pnWGRTS0F0c21yeVFFTStVT2h0aWFuWk1PZjJGUGxIYnBZNlV4UzhDTjkzTnJwUFVQR2hyVmpRYzZUCk9YSUMzSkVxS3ZNckNxZkFiQmViN3VpWCtCS0FtLzRDZTU0bUtqSWwvb2dGZHJDcWsySlBveVpsVUxLaVBsNksKZWJibTArSzJJSDVDT1pXMEVhRXBLNGFTYkxVQ0UrR1FlVTdTOE56T1FpVldUdjhTNDFpTmFta2MrWlBtNWpHUQpDenJSQW9VV0x4Yk0wK1FDcWY2UWJsM1J0RE0vYVp6VWc5bkFxN1UrdkorUjVrVUxuSnFERUxQU0ZjbndNdk8rCktGZDBzeDdNN1VhRHhkZmdUM3cxYWRzQmZnOVZINnNqUkxvTkFnTUJBQUdqUlRCRE1BNEdBMVVkRHdFQi93UUUKQXdJQmhqQVNCZ05WSFJNQkFmOEVDREFHQVFIL0FnRUFNQjBHQTFVZERnUVdCQlJOZEwrMmljYVlwMGlERHNxdwpmK0pGbEJRU0JUQU5CZ2txaGtpRzl3MEJBUXNGQUFPQ0FRRUFGSVRFTGFKMDN2bXhRSEVJSEhoYzVBM0pma1lYClNHRWJEcGZWTnFWZmNpTkdZd3E3UDJrYjJrakxWRzZmTnhDVHNIZnFZTXZZdE5GbmlqU3Y3WWNxU0tsdkwzTlkKa2FndFFWK2JJU1Fyak5XeGZHMUh4WTRFeHRlS0VlMk5zV29XZjRRYUJGemsxWjZpL0xGMkd0cmdpVXUxVSswMwpIS0NhUEZNV3BUU1Ezd2d4aFlvM3VzUlEzQkh3Tm53SzRaWmRDQ0VFb1pRa2p0a3BaTFZZbGNyYnFWU2JYUzh6Ckh2dkZ6bVN4K1hDR0E2cDVlVTVwMmNYQy83Qnd4V0x5dklmYU9ucG1MdjdHL0Zma0xzajBSK3hMMFRMNUtWeG0KM1BRQS9ZOU44WlRXYzN6UU8waDF2R0s4SVlmWE4zeUh3T3FsalhtUTBvZzdnaGc1UEFnSnFLaVVOZz09Ci0tLS0tRU5EIENFUlRJRklDQVRFLS0tLS0K\n    server: https://d99cda29-ee39-46c7-8518-6edbf4710689.k8s.ondigitalocean.com\n  name: do-nyc1-k8s-iniciativa-devops\ncontexts:\n- context:\n    cluster: do-nyc1-k8s-iniciativa-devops\n    user: do-nyc1-k8s-iniciativa-devops-admin\n  name: do-nyc1-k8s-iniciativa-devops\ncurrent-context: do-nyc1-k8s-iniciativa-devops\nusers:\n- name: do-nyc1-k8s-iniciativa-devops-admin\n  user:\n    token: dop_v1_dc8a7156ab47121ef1fd7d3791ae8bbaa9bd8ec0b371ccd05cedc9842d993c06\n",
                "token": "dop_v1_dc8a7156ab47121ef1fd7d3791ae8bbaa9bd8ec0b371ccd05cedc9842d993c06"
              }
            ],
            "maintenance_policy": [
              {
                "day": "any",
                "duration": "4h0m0s",
                "start_time": "6:00"
              }
            ],
            "name": "k8s-iniciativa-devops",
            "node_pool": [
              {
                "actual_node_count": 3,
                "auto_scale": false,
                "id": "031b0fcf-5be4-4161-a193-d0baac943ec8",
                "labels": {},
                "max_nodes": 0,
                "min_nodes": 0,
                "name": "default",
                "node_count": 3,
                "nodes": [
                  {
                    "created_at": "2022-06-11 20:49:57 +0000 UTC",
                    "droplet_id": "303758259",
                    "id": "5eefa5fc-9a97-4251-8fd2-bcd877c169fb",
                    "name": "worker-pool-c2ax6",
                    "status": "running",
                    "updated_at": "2022-06-11 20:53:23 +0000 UTC"
                  },
                  {
                    "created_at": "2022-06-11 20:49:57 +0000 UTC",
                    "droplet_id": "303758260",
                    "id": "67645ea5-89a7-4422-9ee4-49e5e181b5fc",
                    "name": "worker-pool-c2axt",
                    "status": "running",
                    "updated_at": "2022-06-11 20:53:23 +0000 UTC"
                  },
                  {
                    "created_at": "2022-06-11 20:49:57 +0000 UTC",
                    "droplet_id": "303758258",
                    "id": "51666d48-2444-4688-b520-0e3794f06de6",
                    "name": "worker-pool-c2axl",
                    "status": "running",
                    "updated_at": "2022-06-11 20:53:23 +0000 UTC"
                  }
                ],
                "size": "s-2vcpu-4gb",
                "tags": [],
                "taint": []
              }
            ],
            "region": "nyc1",
            "service_subnet": "10.245.0.0/16",
            "status": "running",
            "surge_upgrade": true,
            "tags": [],
            "timeouts": null,
            "updated_at": "2022-06-11 21:10:02 +0000 UTC",
            "urn": "do:kubernetes:d99cda29-ee39-46c7-8518-6edbf4710689",
            "version": "1.22.8-do.1",
            "vpc_uuid": "01021df0-2d5b-4348-a31e-ca553d2c4336"
          },
          "sensitive_attributes": [],
          "private": "eyJlMmJmYjczMC1lY2FhLTExZTYtOGY4OC0zNDM2M2JjN2M0YzAiOnsiY3JlYXRlIjoxODAwMDAwMDAwMDAwfSwic2NoZW1hX3ZlcnNpb24iOiIzIn0="
        }
      ]
    },
    {
      "mode": "managed",
      "type": "digitalocean_kubernetes_node_pool",
      "name": "node_premium",
      "provider": "provider[\"registry.terraform.io/digitalocean/digitalocean\"]",
      "instances": [
        {
          "schema_version": 1,
          "attributes": {
            "actual_node_count": 2,
            "auto_scale": false,
            "cluster_id": "d99cda29-ee39-46c7-8518-6edbf4710689",
            "id": "1cf0eeea-5565-471c-bba1-3084e243a118",
            "labels": {},
            "max_nodes": 0,
            "min_nodes": 0,
            "name": "premium",
            "node_count": 2,
            "nodes": [
              {
                "created_at": "2022-06-11 21:00:40 +0000 UTC",
                "droplet_id": "303758883",
                "id": "f31be412-d538-4e2a-8c5c-5b676e2b60ad",
                "name": "backend-pool-c2ajp",
                "status": "running",
                "updated_at": "2022-06-11 21:01:01 +0000 UTC"
              },
              {
                "created_at": "2022-06-11 21:00:40 +0000 UTC",
                "droplet_id": "303758884",
                "id": "4730351a-d311-4c72-b665-28b8b4400755",
                "name": "backend-pool-c2ajs",
                "status": "running",
                "updated_at": "2022-06-11 21:01:41 +0000 UTC"
              }
            ],
            "size": "s-4vcpu-8gb",
            "tags": [],
            "taint": [],
            "timeouts": null
          },
          "sensitive_attributes": [],
          "private": "eyJlMmJmYjczMC1lY2FhLTExZTYtOGY4OC0zNDM2M2JjN2M0YzAiOnsiY3JlYXRlIjoxODAwMDAwMDAwMDAwLCJkZWxldGUiOjE4MDAwMDAwMDAwMDB9LCJzY2hlbWFfdmVyc2lvbiI6IjEifQ==",
          "dependencies": [
            "digitalocean_kubernetes_cluster.k8s_iniciativa"
          ]
        }
      ]
    }
  ]
}
